
Microsoft Visual Studio Solution File, Format Version 11.00
# Visual C++ Express 2010
Project("{8BC9CEB8-8B4A-11D0-8D11-00A0C91BC942}") = "Terraf0rm", "Terraf0rm\Terraf0rm.vcxproj", "{6455D1B1-4A92-4491-A4CC-34991E433948}"
EndProject
Global
	GlobalSection(SolutionConfigurationPlatforms) = preSolution
		Debug|Win32 = Debug|Win32
		Release|Win32 = Release|Win32
	EndGlobalSection
	GlobalSection(ProjectConfigurationPlatforms) = postSolution
		{6455D1B1-4A92-4491-A4CC-34991E433948}.Debug|Win32.ActiveCfg = Debug|Win32
		{6455D1B1-4A92-4491-A4CC-34991E433948}.Debug|Win32.Build.0 = Debug|Win32
		{6455D1B1-4A92-4491-A4CC-34991E433948}.Release|Win32.ActiveCfg = Release|Win32
		{6455D1B1-4A92-4491-A4CC-34991E433948}.Release|Win32.Build.0 = Release|Win32
	EndGlobalSection
	GlobalSection(SolutionProperties) = preSolution
		HideSolutionNode = FALSE
	EndGlobalSection
EndGlobal
